
Microsoft Visual Studio Solution File, Format Version 12.00
# Visual Studio 15
VisualStudioVersion = 15.0.27703.2047
MinimumVisualStudioVersion = 10.0.40219.1
Project("{FAE04EC0-301F-11D3-BF4B-00C04F79EFBC}") = "GeometryDashAPI", "GeometryDashAPI\GeometryDashAPI.csproj", "{BB99BBB0-1B35-41A9-B968-9A52EE4C5373}"
EndProject
Project("{FAE04EC0-301F-11D3-BF4B-00C04F79EFBC}") = "ConsoleAppTest", "ConsoleAppTest\ConsoleAppTest.csproj", "{C90798A4-B4E1-46AF-A6F5-C1F474D889B7}"
	ProjectSection(ProjectDependencies) = postProject
		{BB99BBB0-1B35-41A9-B968-9A52EE4C5373} = {BB99BBB0-1B35-41A9-B968-9A52EE4C5373}
	EndProjectSection
EndProject
Global
	GlobalSection(SolutionConfigurationPlatforms) = preSolution
		Debug|Any CPU = Debug|Any CPU
		Release|Any CPU = Release|Any CPU
	EndGlobalSection
	GlobalSection(ProjectConfigurationPlatforms) = postSolution
		{BB99BBB0-1B35-41A9-B968-9A52EE4C5373}.Debug|Any CPU.ActiveCfg = Debug|Any CPU
		{BB99BBB0-1B35-41A9-B968-9A52EE4C5373}.Debug|Any CPU.Build.0 = Debug|Any CPU
		{BB99BBB0-1B35-41A9-B968-9A52EE4C5373}.Release|Any CPU.ActiveCfg = Release|Any CPU
		{BB99BBB0-1B35-41A9-B968-9A52EE4C5373}.Release|Any CPU.Build.0 = Release|Any CPU
		{C90798A4-B4E1-46AF-A6F5-C1F474D889B7}.Debug|Any CPU.ActiveCfg = Debug|Any CPU
		{C90798A4-B4E1-46AF-A6F5-C1F474D889B7}.Debug|Any CPU.Build.0 = Debug|Any CPU
		{C90798A4-B4E1-46AF-A6F5-C1F474D889B7}.Release|Any CPU.ActiveCfg = Release|Any CPU
		{C90798A4-B4E1-46AF-A6F5-C1F474D889B7}.Release|Any CPU.Build.0 = Release|Any CPU
	EndGlobalSection
	GlobalSection(SolutionProperties) = preSolution
		HideSolutionNode = FALSE
	EndGlobalSection
	GlobalSection(ExtensibilityGlobals) = postSolution
		SolutionGuid = {C03FE77C-C5B9-424F-9850-847678DDB335}
	EndGlobalSection
EndGlobal
